// !$*UTF8*$!
{
	archiveVersion = 1;
	classes = {
	};
	objectVersion = 46;
	objects = {

/* Begin PBXBuildFile section */
		A1A91CD31C0D379300F663AB /* main.m in Sources */ = {isa = PBXBuildFile; fileRef = A1A91CD21C0D379300F663AB /* main.m */; };
		A1A91CD61C0D379300F663AB /* AppDelegate.m in Sources */ = {isa = PBXBuildFile; fileRef = A1A91CD51C0D379300F663AB /* AppDelegate.m */; };
		A1A91CD91C0D379300F663AB /* ViewController.m in Sources */ = {isa = PBXBuildFile; fileRef = A1A91CD81C0D379300F663AB /* ViewController.m */; };
		A1A91CDC1C0D379300F663AB /* Main.storyboard in Resources */ = {isa = PBXBuildFile; fileRef = A1A91CDA1C0D379300F663AB /* Main.storyboard */; };
		A1A91CDE1C0D379300F663AB /* Assets.xcassets in Resources */ = {isa = PBXBuildFile; fileRef = A1A91CDD1C0D379300F663AB /* Assets.xcassets */; };
		A1A91CE11C0D379300F663AB /* LaunchScreen.storyboard in Resources */ = {isa = PBXBuildFile; fileRef = A1A91CDF1C0D379300F663AB /* LaunchScreen.storyboard */; };
/* End PBXBuildFile section */

/* Begin PBXFileReference section */
		A1A91CCE1C0D379300F663AB /* GitTest.app */ = {isa = PBXFileReference; explicitFileType = wrapper.application; includeInIndex = 0; path = GitTest.app; sourceTree = BUILT_PRODUCTS_DIR; };
		A1A91CD21C0D379300F663AB /* main.m */ = {isa = PBXFileReference; lastKnownFileType = sourcecode.c.objc; path = main.m; sourceTree = "<group>"; };
		A1A91CD41C0D379300F663AB /* AppDelegate.h */ = {isa = PBXFileReference; lastKnownFileType = sourcecode.c.h; path = AppDelegate.h; sourceTree = "<group>"; };
		A1A91CD51C0D379300F663AB /* AppDelegate.m */ = {isa = PBXFileReference; lastKnownFileType = sourcecode.c.objc; path = AppDelegate.m; sourceTree = "<group>"; };
		A1A91CD71C0D379300F663AB /* ViewController.h */ = {isa = PBXFileReference; lastKnownFileType = sourcecode.c.h; path = ViewController.h; sourceTree = "<group>"; };
		A1A91CD81C0D379300F663AB /* ViewController.m */ = {isa = PBXFileReference; lastKnownFileType = sourcecode.c.objc; path = ViewController.m; sourceTree = "<group>"; };
		A1A91CDB1C0D379300F663AB /* Base */ = {isa = PBXFileReference; lastKnownFileType = file.storyboard; name = Base; path = Base.lproj/Main.storyboard; sourceTree = "<group>"; };
		A1A91CDD1C0D379300F663AB /* Assets.xcassets */ = {isa = PBXFileReference; lastKnownFileType = folder.assetcatalog; path = Assets.xcassets; sourceTree = "<group>"; };
		A1A91CE01C0D379300F663AB /* Base */ = {isa = PBXFileReference; lastKnownFileType = file.storyboard; name = Base; path = Base.lproj/LaunchScreen.storyboard; sourceTree = "<group>"; };
		A1A91CE21C0D379300F663AB /* Info.plist */ = {isa = PBXFileReference; lastKnownFileType = text.plist.xml; path = Info.plist; sourceTree = "<group>"; };
/* End PBXFileReference section */

/* Begin PBXFrameworksBuildPhase section */
		A1A91CCB1C0D379300F663AB /* Frameworks */ = {
			isa = PBXFrameworksBuildPhase;
			buildActionMask = 2147483647;
			files = (
			);
			runOnlyForDeploymentPostprocessing = 0;
		};
/* End PBXFrameworksBuildPhase section */

/* Begin PBXGroup section */
		A1A91CC51C0D379300F663AB = {
			isa = PBXGroup;
			children = (
				A1A91CD01C0D379300F663AB /* GitTest */,
				A1A91CCF1C0D379300F663AB /* Products */,
			);
			sourceTree = "<group>";
		};
		A1A91CCF1C0D379300F663AB /* Products */ = {
			isa = PBXGroup;
			children = (
				A1A91CCE1C0D379300F663AB /* GitTest.app */,
			);
			name = Products;
			sourceTree = "<group>";
		};
		A1A91CD01C0D379300F663AB /* GitTest */ = {
			isa = PBXGroup;
			children = (
				A1A91CD41C0D379300F663AB /* AppDelegate.h */,
				A1A91CD51C0D379300F663AB /* AppDelegate.m */,
				A1A91CD71C0D379300F663AB /* ViewController.h */,
				A1A91CD81C0D379300F663AB /* ViewController.m */,
				A1A91CDA1C0D379300F663AB /* Main.storyboard */,
				A1A91CDD1C0D379300F663AB /* Assets.xcassets */,
				A1A91CDF1C0D379300F663AB /* LaunchScreen.storyboard */,
				A1A91CE21C0D379300F663AB /* Info.plist */,
				A1A91CD11C0D379300F663AB /* Supporting Files */,
			);
			path = GitTest;
			sourceTree = "<group>";
		};
		A1A91CD11C0D379300F663AB /* Supporting Files */ = {
			isa = PBXGroup;
			children = (
				A1A91CD21C0D379300F663AB /* main.m */,
			);
			name = "Supporting Files";
			sourceTree = "<group>";
		};
/* End PBXGroup section */

/* Begin PBXNativeTarget section */
		A1A91CCD1C0D379300F663AB /* GitTest */ = {
			isa = PBXNativeTarget;
			buildConfigurationList = A1A91CE51C0D379300F663AB /* Build configuration list for PBXNativeTarget "GitTest" */;
			buildPhases = (
				A1A91CCA1C0D379300F663AB /* Sources */,
				A1A91CCB1C0D379300F663AB /* Frameworks */,
				A1A91CCC1C0D379300F663AB /* Resources */,
			);
			buildRules = (
			);
			dependencies = (
			);
			name = GitTest;
			productName = GitTest;
			productReference = A1A91CCE1C0D379300F663AB /* GitTest.app */;
			productType = "com.apple.product-type.application";
		};
/* End PBXNativeTarget section */

/* Begin PBXProject section */
		A1A91CC61C0D379300F663AB /* Project object */ = {
			isa = PBXProject;
			attributes = {
				LastUpgradeCheck = 0710;
				ORGANIZATIONNAME = tarena;
				TargetAttributes = {
					A1A91CCD1C0D379300F663AB = {
						CreatedOnToolsVersion = 7.1;
					};
				};
			};
			buildConfigurationList = A1A91CC91C0D379300F663AB /* Build configuration list for PBXProject "GitTest" */;
			compatibilityVersion = "Xcode 3.2";
			developmentRegion = English;
			hasScannedForEncodings = 0;
			knownRegions = (
				en,
				Base,
			);
			mainGroup = A1A91CC51C0D379300F663AB;
			productRefGroup = A1A91CCF1C0D379300F663AB /* Products */;
			projectDirPath = "";
			projectRoot = "";
			targets = (
				A1A91CCD1C0D379300F663AB /* GitTest */,
			);
		};
/* End PBXProject section */

/* Begin PBXResourcesBuildPhase section */
		A1A91CCC1C0D379300F663AB /* Resources */ = {
			isa = PBXResourcesBuildPhase;
			buildActionMask = 2147483647;
			files = (
				A1A91CE11C0D379300F663AB /* LaunchScreen.storyboard in Resources */,
				A1A91CDE1C0D379300F663AB /* Assets.xcassets in Resources */,
				A1A91CDC1C0D379300F663AB /* Main.storyboard in Resources */,
			);
			runOnlyForDeploymentPostprocessing = 0;
		};
/* End PBXResourcesBuildPhase section */

/* Begin PBXSourcesBuildPhase section */
		A1A91CCA1C0D379300F663AB /* Sources */ = {
			isa = PBXSourcesBuildPhase;
			buildActionMask = 2147483647;
			files = (
				A1A91CD91C0D379300F663AB /* ViewController.m in Sources */,
				A1A91CD61C0D379300F663AB /* AppDelegate.m in Sources */,
				A1A91CD31C0D379300F663AB /* main.m in Sources */,
			);
			runOnlyForDeploymentPostprocessing = 0;
		};
/* End PBXSourcesBuildPhase section */

/* Begin PBXVariantGroup section */
		A1A91CDA1C0D379300F663AB /* Main.storyboard */ = {
			isa = PBXVariantGroup;
			children = (
				A1A91CDB1C0D379300F663AB /* Base */,
			);
			name = Main.storyboard;
			sourceTree = "<group>";
		};
		A1A91CDF1C0D379300F663AB /* LaunchScreen.storyboard */ = {
			isa = PBXVariantGroup;
			children = (
				A1A91CE01C0D379300F663AB /* Base */,
			);
			name = LaunchScreen.storyboard;
			sourceTree = "<group>";
		};
/* End PBXVariantGroup section */

/* Begin XCBuildConfiguration section */
		A1A91CE31C0D379300F663AB /* Debug */ = {
			isa = XCBuildConfiguration;
			buildSettings = {
				ALWAYS_SEARCH_USER_PATHS = NO;
				CLANG_CXX_LANGUAGE_STANDARD = "gnu++0x";
				CLANG_CXX_LIBRARY = "libc++";
				CLANG_ENABLE_MODULES = YES;
				CLANG_ENABLE_OBJC_ARC = YES;
				CLANG_WARN_BOOL_CONVERSION = YES;
				CLANG_WARN_CONSTANT_CONVERSION = YES;
				CLANG_WARN_DIRECT_OBJC_ISA_USAGE = YES_ERROR;
				CLANG_WARN_EMPTY_BODY = YES;
				CLANG_WARN_ENUM_CONVERSION = YES;
				CLANG_WARN_INT_CONVERSION = YES;
				CLANG_WARN_OBJC_ROOT_CLASS = YES_ERROR;
				CLANG_WARN_UNREACHABLE_CODE = YES;
				CLANG_WARN__DUPLICATE_METHOD_MATCH = YES;
				"CODE_SIGN_IDENTITY[sdk=iphoneos*]" = "iPhone Developer";
				COPY_PHASE_STRIP = NO;
				DEBUG_INFORMATION_FORMAT = dwarf;
				ENABLE_STRICT_OBJC_MSGSEND = YES;
				ENABLE_TESTABILITY = YES;
				GCC_C_LANGUAGE_STANDARD = gnu99;
				GCC_DYNAMIC_NO_PIC = NO;
				GCC_NO_COMMON_BLOCKS = YES;
				GCC_OPTIMIZATION_LEVEL = 0;
				GCC_PREPROCESSOR_DEFINITIONS = (
					"DEBUG=1",
					"$(inherited)",
				);
				GCC_WARN_64_TO_32_BIT_CONVERSION = YES;
				GCC_WARN_ABOUT_RETURN_TYPE = YES_ERROR;
				GCC_WARN_UNDECLARED_SELECTOR = YES;
				GCC_WARN_UNINITIALIZED_AUTOS = YES_AGGRESSIVE;
				GCC_WARN_UNUSED_FUNCTION = YES;
				GCC_WARN_UNUSED_VARIABLE = YES;
				IPHONEOS_DEPLOYMENT_TARGET = 9.1;
				MTL_ENABLE_DEBUG_INFO = YES;
				ONLY_ACTIVE_ARCH = YES;
				SDKROOT = iphoneos;
			};
			name = Debug;
		};
		A1A91CE41C0D379300F663AB /* Release */ = {
			isa = XCBuildConfiguration;
			buildSettings = {
				ALWAYS_SEARCH_USER_PATHS = NO;
				CLANG_CXX_LANGUAGE_STANDARD = "gnu++0x";
				CLANG_CXX_LIBRARY = "libc++";
				CLANG_ENABLE_MODULES = YES;
				CLANG_ENABLE_OBJC_ARC = YES;
				CLANG_WARN_BOOL_CONVERSION = YES;
				CLANG_WARN_CONSTANT_CONVERSION = YES;
				CLANG_WARN_DIRECT_OBJC_ISA_USAGE = YES_ERROR;
				CLANG_WARN_EMPTY_BODY = YES;
				CLANG_WARN_ENUM_CONVERSION = YES;
				CLANG_WARN_INT_CONVERSION = YES;
				CLANG_WARN_OBJC_ROOT_CLASS = YES_ERROR;
				CLANG_WARN_UNREACHABLE_CODE = YES;
				CLANG_WARN__DUPLICATE_METHOD_MATCH = YES;
				"CODE_SIGN_IDENTITY[sdk=iphoneos*]" = "iPhone Developer";
				COPY_PHASE_STRIP = NO;
				DEBUG_INFORMATION_FORMAT = "dwarf-with-dsym";
				ENABLE_NS_ASSERTIONS = NO;
				ENABLE_STRICT_OBJC_MSGSEND = YES;
				GCC_C_LANGUAGE_STANDARD = gnu99;
				GCC_NO_COMMON_BLOCKS = YES;
				GCC_WARN_64_TO_32_BIT_CONVERSION = YES;
				GCC_WARN_ABOUT_RETURN_TYPE = YES_ERROR;
				GCC_WARN_UNDECLARED_SELECTOR = YES;
				GCC_WARN_UNINITIALIZED_AUTOS = YES_AGGRESSIVE;
				GCC_WARN_UNUSED_FUNCTION = YES;
				GCC_WARN_UNUSED_VARIABLE = YES;
				IPHONEOS_DEPLOYMENT_TARGET = 9.1;
				MTL_ENABLE_DEBUG_INFO = NO;
				SDKROOT = iphoneos;
				VALIDATE_PRODUCT = YES;
			};
			name = Release;
		};
		A1A91CE61C0D379300F663AB /* Debug */ = {
			isa = XCBuildConfiguration;
			buildSettings = {
				ASSETCATALOG_COMPILER_APPICON_NAME = AppIcon;
				CODE_SIGN_IDENTITY = "iPhone Developer";
				INFOPLIST_FILE = GitTest/Info.plist;
				LD_RUNPATH_SEARCH_PATHS = "$(inherited) @executable_path/Frameworks";
				PRODUCT_BUNDLE_IDENTIFIER = cn.tedu.GitTest;
				PRODUCT_NAME = "$(TARGET_NAME)";
			};
			name = Debug;
		};
		A1A91CE71C0D379300F663AB /* Release */ = {
			isa = XCBuildConfiguration;
			buildSettings = {
				ASSETCATALOG_COMPILER_APPICON_NAME = AppIcon;
				CODE_SIGN_IDENTITY = "iPhone Developer";
				INFOPLIST_FILE = GitTest/Info.plist;
				LD_RUNPATH_SEARCH_PATHS = "$(inherited) @executable_path/Frameworks";
				PRODUCT_BUNDLE_IDENTIFIER = cn.tedu.GitTest;
				PRODUCT_NAME = "$(TARGET_NAME)";
			};
			name = Release;
		};
/* End XCBuildConfiguration section */

/* Begin XCConfigurationList section */
		A1A91CC91C0D379300F663AB /* Build configuration list for PBXProject "GitTest" */ = {
			isa = XCConfigurationList;
			buildConfigurations = (
				A1A91CE31C0D379300F663AB /* Debug */,
				A1A91CE41C0D379300F663AB /* Release */,
			);
			defaultConfigurationIsVisible = 0;
			defaultConfigurationName = Release;
		};
		A1A91CE51C0D379300F663AB /* Build configuration list for PBXNativeTarget "GitTest" */ = {
			isa = XCConfigurationList;
			buildConfigurations = (
				A1A91CE61C0D379300F663AB /* Debug */,
				A1A91CE71C0D379300F663AB /* Release */,
			);
			defaultConfigurationIsVisible = 0;
		};
/* End XCConfigurationList section */
	};
	rootObject = A1A91CC61C0D379300F663AB /* Project object */;
}
